
Microsoft Visual Studio Solution File, Format Version 12.00
# Visual Studio Version 16
VisualStudioVersion = 16.0.30330.147
MinimumVisualStudioVersion = 10.0.40219.1
Project("{FAE04EC0-301F-11D3-BF4B-00C04F79EFBC}") = "EfCoreMany2ManyBugReproduction", "EfCoreMany2ManyBugReproduction\EfCoreMany2ManyBugReproduction.csproj", "{80095D88-6DE3-4106-8B17-112AC8BB5450}"
EndProject
Global
	GlobalSection(SolutionConfigurationPlatforms) = preSolution
		Debug|Any CPU = Debug|Any CPU
		Release|Any CPU = Release|Any CPU
	EndGlobalSection
	GlobalSection(ProjectConfigurationPlatforms) = postSolution
		{80095D88-6DE3-4106-8B17-112AC8BB5450}.Debug|Any CPU.ActiveCfg = Debug|Any CPU
		{80095D88-6DE3-4106-8B17-112AC8BB5450}.Debug|Any CPU.Build.0 = Debug|Any CPU
		{80095D88-6DE3-4106-8B17-112AC8BB5450}.Release|Any CPU.ActiveCfg = Release|Any CPU
		{80095D88-6DE3-4106-8B17-112AC8BB5450}.Release|Any CPU.Build.0 = Release|Any CPU
	EndGlobalSection
	GlobalSection(SolutionProperties) = preSolution
		HideSolutionNode = FALSE
	EndGlobalSection
	GlobalSection(ExtensibilityGlobals) = postSolution
		SolutionGuid = {11ED4D12-7EDC-4688-B6A3-8D7D022BF9E6}
	EndGlobalSection
EndGlobal
